PODS:
  - NightFoxHelper (0.1.4)
  - Nimble (5.0.0)
  - Quick (0.10.0)

DEPENDENCIES:
  - NightFoxHelper (from `../`)
  - Nimble (~> 5.0.0)
  - Quick (~> 0.10.0)

EXTERNAL SOURCES:
  NightFoxHelper:
    :path: "../"

SPEC CHECKSUMS:
  NightFoxHelper: 66dad84c778b060cea07313c344021734d8dcfc6
  Nimble: 56fc9f5020effa2206de22c3dd910f4fb011b92f
  Quick: 5d290df1c69d5ee2f0729956dcf0fd9a30447eaa

PODFILE CHECKSUM: 1265cb6199705d961d0f9feffd4eb387f002e9b5

COCOAPODS: 1.1.0.rc.2
